// !$*UTF8*$!
{
	archiveVersion = 1;
	classes = {
	};
	objectVersion = 77;
	objects = {

/* Begin PBXBuildFile section */
		3B0B1F402D62C64000226F6A /* ContentView.swift in Sources */ = {isa = PBXBuildFile; fileRef = 3B0B1F3A2D62C64000226F6A /* ContentView.swift */; };
		3B0B1F412D62C64000226F6A /* ImageCollector.xcdatamodeld in Sources */ = {isa = PBXBuildFile; fileRef = 3B0B1F3B2D62C64000226F6A /* ImageCollector.xcdatamodeld */; };
		3B0B1F422D62C64000226F6A /* ImageCollectorApp.swift in Sources */ = {isa = PBXBuildFile; fileRef = 3B0B1F3C2D62C64000226F6A /* ImageCollectorApp.swift */; };
		3B0B1F432D62C64000226F6A /* Persistence.swift in Sources */ = {isa = PBXBuildFile; fileRef = 3B0B1F3D2D62C64000226F6A /* Persistence.swift */; };
		3B0B1F442D62C64000226F6A /* Preview Assets.xcassets in Resources */ = {isa = PBXBuildFile; fileRef = 3B0B1F372D62C64000226F6A /* Preview Assets.xcassets */; };
		3B0B1F452D62C64000226F6A /* Assets.xcassets in Resources */ = {isa = PBXBuildFile; fileRef = 3B0B1F392D62C64000226F6A /* Assets.xcassets */; };
		3B0B1F492D62C64000226F6A /* ImageCollectorUITests.swift in Sources */ = {isa = PBXBuildFile; fileRef = 3B0B1F462D62C64000226F6A /* ImageCollectorUITests.swift */; };
		3B0B1F4A2D62C64000226F6A /* ImageCollectorUITestsLaunchTests.swift in Sources */ = {isa = PBXBuildFile; fileRef = 3B0B1F472D62C64000226F6A /* ImageCollectorUITestsLaunchTests.swift */; };
		3B0B1F552D62C89100226F6A /* Swinject in Frameworks */ = {isa = PBXBuildFile; productRef = 3B0B1F542D62C89100226F6A /* Swinject */; };
		3B0B1F582D62C89A00226F6A /* Kingfisher in Frameworks */ = {isa = PBXBuildFile; productRef = 3B0B1F572D62C89A00226F6A /* Kingfisher */; };
		3B0B1F5B2D62C92F00226F6A /* ComposableArchitecture in Frameworks */ = {isa = PBXBuildFile; productRef = 3B0B1F5A2D62C92F00226F6A /* ComposableArchitecture */; };
		3B0B1F652D62CACF00226F6A /* ImageInfo.swift in Sources */ = {isa = PBXBuildFile; fileRef = 3B0B1F642D62CAC600226F6A /* ImageInfo.swift */; };
		3B0B1F682D62CB4200226F6A /* ImageRepository.swift in Sources */ = {isa = PBXBuildFile; fileRef = 3B0B1F672D62CB2000226F6A /* ImageRepository.swift */; };
		3B0B1F6A2D62CB9600226F6A /* ServiceError.swift in Sources */ = {isa = PBXBuildFile; fileRef = 3B0B1F692D62CB8D00226F6A /* ServiceError.swift */; };
		3B0B1F702D62CC4B00226F6A /* ImageDTO.swift in Sources */ = {isa = PBXBuildFile; fileRef = 3B0B1F6F2D62CC3F00226F6A /* ImageDTO.swift */; };
		3B0B1F722D62CC9C00226F6A /* ImageRepositoryImpl.swift in Sources */ = {isa = PBXBuildFile; fileRef = 3B0B1F712D62CC9900226F6A /* ImageRepositoryImpl.swift */; };
		3B0B1F752D62CD6300226F6A /* NetworkService.swift in Sources */ = {isa = PBXBuildFile; fileRef = 3B0B1F742D62CD5E00226F6A /* NetworkService.swift */; };
		3B0B1F772D62CD8000226F6A /* APIError.swift in Sources */ = {isa = PBXBuildFile; fileRef = 3B0B1F762D62CD7F00226F6A /* APIError.swift */; };
		3B0B1F7B2D62CD9800226F6A /* Endpoint.swift in Sources */ = {isa = PBXBuildFile; fileRef = 3B0B1F7A2D62CD9400226F6A /* Endpoint.swift */; };
		3B0B1F7D2D62CDE600226F6A /* NetworkConfiguration.swift in Sources */ = {isa = PBXBuildFile; fileRef = 3B0B1F7C2D62CDE500226F6A /* NetworkConfiguration.swift */; };
		3B0B1F7F2D62CE8000226F6A /* NetworkLogger.swift in Sources */ = {isa = PBXBuildFile; fileRef = 3B0B1F7E2D62CE7700226F6A /* NetworkLogger.swift */; };
		3B0B1F812D62CF4500226F6A /* APIEndpoints.swift in Sources */ = {isa = PBXBuildFile; fileRef = 3B0B1F802D62CF3D00226F6A /* APIEndpoints.swift */; };
		3B0B1F832D62CF9400226F6A /* SearchRequest.swift in Sources */ = {isa = PBXBuildFile; fileRef = 3B0B1F822D62CF9300226F6A /* SearchRequest.swift */; };
		3B0B1F852D62D04500226F6A /* NetworkServiceTests.swift in Sources */ = {isa = PBXBuildFile; fileRef = 3B0B1F842D62D04300226F6A /* NetworkServiceTests.swift */; };
		3B0B1F892D62D08800226F6A /* MockURLProtocol.swift in Sources */ = {isa = PBXBuildFile; fileRef = 3B0B1F882D62D07F00226F6A /* MockURLProtocol.swift */; };
		3B0B1F8B2D62D2D900226F6A /* MockResponse.swift in Sources */ = {isa = PBXBuildFile; fileRef = 3B0B1F8A2D62D2D700226F6A /* MockResponse.swift */; };
		3B0B1F902D62D86000226F6A /* ImageEntity.swift in Sources */ = {isa = PBXBuildFile; fileRef = 3B0B1F8E2D62D86000226F6A /* ImageEntity.swift */; };
		3B0B1F932D62D8B200226F6A /* CoreDataConvertible.swift in Sources */ = {isa = PBXBuildFile; fileRef = 3B0B1F922D62D8B100226F6A /* CoreDataConvertible.swift */; };
		3B0B1F972D62DAE100226F6A /* CoreDataManager.swift in Sources */ = {isa = PBXBuildFile; fileRef = 3B0B1F962D62DAE000226F6A /* CoreDataManager.swift */; };
		3B0B1F992D62EA0300226F6A /* CoreDataManagerTests.swift in Sources */ = {isa = PBXBuildFile; fileRef = 3B0B1F982D62EA0000226F6A /* CoreDataManagerTests.swift */; };
		3B0B1F9D2D62FA6900226F6A /* MockNetworkService.swift in Sources */ = {isa = PBXBuildFile; fileRef = 3B0B1F9C2D62FA5000226F6A /* MockNetworkService.swift */; };
		3B0B1F9F2D62FAB200226F6A /* MockCoreDataManager.swift in Sources */ = {isa = PBXBuildFile; fileRef = 3B0B1F9E2D62FAAE00226F6A /* MockCoreDataManager.swift */; };
		3B0B1FA12D62FAF000226F6A /* ImageRepositoryTests.swift in Sources */ = {isa = PBXBuildFile; fileRef = 3B0B1FA02D62FAE900226F6A /* ImageRepositoryTests.swift */; };
		3B0B1FA62D62FECE00226F6A /* CoreDataManagerProtocol.swift in Sources */ = {isa = PBXBuildFile; fileRef = 3B0B1FA52D62FEBE00226F6A /* CoreDataManagerProtocol.swift */; };
		3B9A57102D630E5800A0EE8D /* FetchImageListUseCase.swift in Sources */ = {isa = PBXBuildFile; fileRef = 3B9A570F2D630E4E00A0EE8D /* FetchImageListUseCase.swift */; };
		3B9A57122D630ECA00A0EE8D /* MockImageRepository.swift in Sources */ = {isa = PBXBuildFile; fileRef = 3B9A57112D630EC600A0EE8D /* MockImageRepository.swift */; };
		3B9A57142D630EFB00A0EE8D /* FetchImageListUseCaseTests.swift in Sources */ = {isa = PBXBuildFile; fileRef = 3B9A57132D630EF800A0EE8D /* FetchImageListUseCaseTests.swift */; };
		3B9A57162D630FE300A0EE8D /* DependencyInjector.swift in Sources */ = {isa = PBXBuildFile; fileRef = 3B9A57152D630FE100A0EE8D /* DependencyInjector.swift */; };
		3B9A57182D630FF300A0EE8D /* DataAssembly.swift in Sources */ = {isa = PBXBuildFile; fileRef = 3B9A57172D630FF100A0EE8D /* DataAssembly.swift */; };
		3B9A571A2D630FFC00A0EE8D /* DomainAssembly.swift in Sources */ = {isa = PBXBuildFile; fileRef = 3B9A57192D630FFB00A0EE8D /* DomainAssembly.swift */; };
		3B9A571C2D63100300A0EE8D /* PresentationAssembly.swift in Sources */ = {isa = PBXBuildFile; fileRef = 3B9A571B2D63100200A0EE8D /* PresentationAssembly.swift */; };
/* End PBXBuildFile section */

/* Begin PBXContainerItemProxy section */
		3B0B1F182D62C48300226F6A /* PBXContainerItemProxy */ = {
			isa = PBXContainerItemProxy;
			containerPortal = 3B0B1EFA2D62C48200226F6A /* Project object */;
			proxyType = 1;
			remoteGlobalIDString = 3B0B1F012D62C48200226F6A;
			remoteInfo = ImageCollector;
		};
		3B0B1F222D62C48300226F6A /* PBXContainerItemProxy */ = {
			isa = PBXContainerItemProxy;
			containerPortal = 3B0B1EFA2D62C48200226F6A /* Project object */;
			proxyType = 1;
			remoteGlobalIDString = 3B0B1F012D62C48200226F6A;
			remoteInfo = ImageCollector;
		};
/* End PBXContainerItemProxy section */

/* Begin PBXFileReference section */
		3B0B1F022D62C48200226F6A /* ImageCollector.app */ = {isa = PBXFileReference; explicitFileType = wrapper.application; includeInIndex = 0; path = ImageCollector.app; sourceTree = BUILT_PRODUCTS_DIR; };
		3B0B1F172D62C48300226F6A /* ImageCollectorTests.xctest */ = {isa = PBXFileReference; explicitFileType = wrapper.cfbundle; includeInIndex = 0; path = ImageCollectorTests.xctest; sourceTree = BUILT_PRODUCTS_DIR; };
		3B0B1F212D62C48300226F6A /* ImageCollectorUITests.xctest */ = {isa = PBXFileReference; explicitFileType = wrapper.cfbundle; includeInIndex = 0; path = ImageCollectorUITests.xctest; sourceTree = BUILT_PRODUCTS_DIR; };
		3B0B1F372D62C64000226F6A /* Preview Assets.xcassets */ = {isa = PBXFileReference; lastKnownFileType = folder.assetcatalog; path = "Preview Assets.xcassets"; sourceTree = "<group>"; };
		3B0B1F392D62C64000226F6A /* Assets.xcassets */ = {isa = PBXFileReference; lastKnownFileType = folder.assetcatalog; path = Assets.xcassets; sourceTree = "<group>"; };
		3B0B1F3A2D62C64000226F6A /* ContentView.swift */ = {isa = PBXFileReference; lastKnownFileType = sourcecode.swift; path = ContentView.swift; sourceTree = "<group>"; };
		3B0B1F3C2D62C64000226F6A /* ImageCollectorApp.swift */ = {isa = PBXFileReference; lastKnownFileType = sourcecode.swift; path = ImageCollectorApp.swift; sourceTree = "<group>"; };
		3B0B1F3D2D62C64000226F6A /* Persistence.swift */ = {isa = PBXFileReference; lastKnownFileType = sourcecode.swift; path = Persistence.swift; sourceTree = "<group>"; };
		3B0B1F3F2D62C64000226F6A /* ImageCollector.xcdatamodel */ = {isa = PBXFileReference; lastKnownFileType = wrapper.xcdatamodel; path = ImageCollector.xcdatamodel; sourceTree = "<group>"; };
		3B0B1F462D62C64000226F6A /* ImageCollectorUITests.swift */ = {isa = PBXFileReference; lastKnownFileType = sourcecode.swift; path = ImageCollectorUITests.swift; sourceTree = "<group>"; };
		3B0B1F472D62C64000226F6A /* ImageCollectorUITestsLaunchTests.swift */ = {isa = PBXFileReference; lastKnownFileType = sourcecode.swift; path = ImageCollectorUITestsLaunchTests.swift; sourceTree = "<group>"; };
		3B0B1F642D62CAC600226F6A /* ImageInfo.swift */ = {isa = PBXFileReference; lastKnownFileType = sourcecode.swift; path = ImageInfo.swift; sourceTree = "<group>"; };
		3B0B1F672D62CB2000226F6A /* ImageRepository.swift */ = {isa = PBXFileReference; lastKnownFileType = sourcecode.swift; path = ImageRepository.swift; sourceTree = "<group>"; };
		3B0B1F692D62CB8D00226F6A /* ServiceError.swift */ = {isa = PBXFileReference; lastKnownFileType = sourcecode.swift; path = ServiceError.swift; sourceTree = "<group>"; };
		3B0B1F6F2D62CC3F00226F6A /* ImageDTO.swift */ = {isa = PBXFileReference; lastKnownFileType = sourcecode.swift; path = ImageDTO.swift; sourceTree = "<group>"; };
		3B0B1F712D62CC9900226F6A /* ImageRepositoryImpl.swift */ = {isa = PBXFileReference; lastKnownFileType = sourcecode.swift; path = ImageRepositoryImpl.swift; sourceTree = "<group>"; };
		3B0B1F742D62CD5E00226F6A /* NetworkService.swift */ = {isa = PBXFileReference; lastKnownFileType = sourcecode.swift; path = NetworkService.swift; sourceTree = "<group>"; };
		3B0B1F762D62CD7F00226F6A /* APIError.swift */ = {isa = PBXFileReference; lastKnownFileType = sourcecode.swift; path = APIError.swift; sourceTree = "<group>"; };
		3B0B1F7A2D62CD9400226F6A /* Endpoint.swift */ = {isa = PBXFileReference; lastKnownFileType = sourcecode.swift; path = Endpoint.swift; sourceTree = "<group>"; };
		3B0B1F7C2D62CDE500226F6A /* NetworkConfiguration.swift */ = {isa = PBXFileReference; lastKnownFileType = sourcecode.swift; path = NetworkConfiguration.swift; sourceTree = "<group>"; };
		3B0B1F7E2D62CE7700226F6A /* NetworkLogger.swift */ = {isa = PBXFileReference; lastKnownFileType = sourcecode.swift; path = NetworkLogger.swift; sourceTree = "<group>"; };
		3B0B1F802D62CF3D00226F6A /* APIEndpoints.swift */ = {isa = PBXFileReference; lastKnownFileType = sourcecode.swift; path = APIEndpoints.swift; sourceTree = "<group>"; };
		3B0B1F822D62CF9300226F6A /* SearchRequest.swift */ = {isa = PBXFileReference; lastKnownFileType = sourcecode.swift; path = SearchRequest.swift; sourceTree = "<group>"; };
		3B0B1F842D62D04300226F6A /* NetworkServiceTests.swift */ = {isa = PBXFileReference; lastKnownFileType = sourcecode.swift; path = NetworkServiceTests.swift; sourceTree = "<group>"; };
		3B0B1F882D62D07F00226F6A /* MockURLProtocol.swift */ = {isa = PBXFileReference; lastKnownFileType = sourcecode.swift; path = MockURLProtocol.swift; sourceTree = "<group>"; };
		3B0B1F8A2D62D2D700226F6A /* MockResponse.swift */ = {isa = PBXFileReference; lastKnownFileType = sourcecode.swift; path = MockResponse.swift; sourceTree = "<group>"; };
		3B0B1F8E2D62D86000226F6A /* ImageEntity.swift */ = {isa = PBXFileReference; lastKnownFileType = sourcecode.swift; path = ImageEntity.swift; sourceTree = "<group>"; };
		3B0B1F922D62D8B100226F6A /* CoreDataConvertible.swift */ = {isa = PBXFileReference; lastKnownFileType = sourcecode.swift; path = CoreDataConvertible.swift; sourceTree = "<group>"; };
		3B0B1F962D62DAE000226F6A /* CoreDataManager.swift */ = {isa = PBXFileReference; lastKnownFileType = sourcecode.swift; path = CoreDataManager.swift; sourceTree = "<group>"; };
		3B0B1F982D62EA0000226F6A /* CoreDataManagerTests.swift */ = {isa = PBXFileReference; lastKnownFileType = sourcecode.swift; path = CoreDataManagerTests.swift; sourceTree = "<group>"; };
		3B0B1F9C2D62FA5000226F6A /* MockNetworkService.swift */ = {isa = PBXFileReference; lastKnownFileType = sourcecode.swift; path = MockNetworkService.swift; sourceTree = "<group>"; };
		3B0B1F9E2D62FAAE00226F6A /* MockCoreDataManager.swift */ = {isa = PBXFileReference; lastKnownFileType = sourcecode.swift; path = MockCoreDataManager.swift; sourceTree = "<group>"; };
		3B0B1FA02D62FAE900226F6A /* ImageRepositoryTests.swift */ = {isa = PBXFileReference; lastKnownFileType = sourcecode.swift; path = ImageRepositoryTests.swift; sourceTree = "<group>"; };
		3B0B1FA52D62FEBE00226F6A /* CoreDataManagerProtocol.swift */ = {isa = PBXFileReference; lastKnownFileType = sourcecode.swift; path = CoreDataManagerProtocol.swift; sourceTree = "<group>"; };
		3B9A570F2D630E4E00A0EE8D /* FetchImageListUseCase.swift */ = {isa = PBXFileReference; lastKnownFileType = sourcecode.swift; path = FetchImageListUseCase.swift; sourceTree = "<group>"; };
		3B9A57112D630EC600A0EE8D /* MockImageRepository.swift */ = {isa = PBXFileReference; lastKnownFileType = sourcecode.swift; path = MockImageRepository.swift; sourceTree = "<group>"; };
		3B9A57132D630EF800A0EE8D /* FetchImageListUseCaseTests.swift */ = {isa = PBXFileReference; lastKnownFileType = sourcecode.swift; path = FetchImageListUseCaseTests.swift; sourceTree = "<group>"; };
		3B9A57152D630FE100A0EE8D /* DependencyInjector.swift */ = {isa = PBXFileReference; lastKnownFileType = sourcecode.swift; path = DependencyInjector.swift; sourceTree = "<group>"; };
		3B9A57172D630FF100A0EE8D /* DataAssembly.swift */ = {isa = PBXFileReference; lastKnownFileType = sourcecode.swift; path = DataAssembly.swift; sourceTree = "<group>"; };
		3B9A57192D630FFB00A0EE8D /* DomainAssembly.swift */ = {isa = PBXFileReference; lastKnownFileType = sourcecode.swift; path = DomainAssembly.swift; sourceTree = "<group>"; };
		3B9A571B2D63100200A0EE8D /* PresentationAssembly.swift */ = {isa = PBXFileReference; lastKnownFileType = sourcecode.swift; path = PresentationAssembly.swift; sourceTree = "<group>"; };
/* End PBXFileReference section */

/* Begin PBXFrameworksBuildPhase section */
		3B0B1EFF2D62C48200226F6A /* Frameworks */ = {
			isa = PBXFrameworksBuildPhase;
			buildActionMask = 2147483647;
			files = (
				3B0B1F582D62C89A00226F6A /* Kingfisher in Frameworks */,
				3B0B1F552D62C89100226F6A /* Swinject in Frameworks */,
				3B0B1F5B2D62C92F00226F6A /* ComposableArchitecture in Frameworks */,
			);
			runOnlyForDeploymentPostprocessing = 0;
		};
		3B0B1F142D62C48300226F6A /* Frameworks */ = {
			isa = PBXFrameworksBuildPhase;
			buildActionMask = 2147483647;
			files = (
			);
			runOnlyForDeploymentPostprocessing = 0;
		};
		3B0B1F1E2D62C48300226F6A /* Frameworks */ = {
			isa = PBXFrameworksBuildPhase;
			buildActionMask = 2147483647;
			files = (
			);
			runOnlyForDeploymentPostprocessing = 0;
		};
/* End PBXFrameworksBuildPhase section */

/* Begin PBXGroup section */
		3B0B1EF92D62C48200226F6A = {
			isa = PBXGroup;
			children = (
				3B0B1F3E2D62C64000226F6A /* ImageCollector */,
				3B0B1F352D62C64000226F6A /* ImageCollectorTests */,
				3B0B1F482D62C64000226F6A /* ImageCollectorUITests */,
				3B0B1F032D62C48200226F6A /* Products */,
			);
			sourceTree = "<group>";
		};
		3B0B1F032D62C48200226F6A /* Products */ = {
			isa = PBXGroup;
			children = (
				3B0B1F022D62C48200226F6A /* ImageCollector.app */,
				3B0B1F172D62C48300226F6A /* ImageCollectorTests.xctest */,
				3B0B1F212D62C48300226F6A /* ImageCollectorUITests.xctest */,
			);
			name = Products;
			sourceTree = "<group>";
		};
		3B0B1F352D62C64000226F6A /* ImageCollectorTests */ = {
			isa = PBXGroup;
			children = (
				3B0B1F872D62D07500226F6A /* Mock */,
				3B0B1F862D62D06D00226F6A /* Tests */,
			);
			path = ImageCollectorTests;
			sourceTree = "<group>";
		};
		3B0B1F382D62C64000226F6A /* Preview Content */ = {
			isa = PBXGroup;
			children = (
				3B0B1F372D62C64000226F6A /* Preview Assets.xcassets */,
			);
			path = "Preview Content";
			sourceTree = "<group>";
		};
		3B0B1F3E2D62C64000226F6A /* ImageCollector */ = {
			isa = PBXGroup;
			children = (
				3B0B1F522D62C72600226F6A /* Data Layer */,
				3B0B1F512D62C72000226F6A /* Domain Layer */,
				3B0B1F502D62C70D00226F6A /* Presentation Layer */,
				3B0B1F4F2D62C6CF00226F6A /* Utills */,
				3B0B1F4E2D62C6C300226F6A /* Applications */,
				3B0B1F4D2D62C6B800226F6A /* Dependencies */,
				3B0B1F4B2D62C65700226F6A /* Resourses */,
				3B0B1F4C2D62C6AC00226F6A /* Supporting Files */,
				3B0B1F382D62C64000226F6A /* Preview Content */,
			);
			path = ImageCollector;
			sourceTree = "<group>";
		};
		3B0B1F482D62C64000226F6A /* ImageCollectorUITests */ = {
			isa = PBXGroup;
			children = (
				3B0B1F462D62C64000226F6A /* ImageCollectorUITests.swift */,
				3B0B1F472D62C64000226F6A /* ImageCollectorUITestsLaunchTests.swift */,
			);
			path = ImageCollectorUITests;
			sourceTree = "<group>";
		};
		3B0B1F4B2D62C65700226F6A /* Resourses */ = {
			isa = PBXGroup;
			children = (
				3B0B1F392D62C64000226F6A /* Assets.xcassets */,
			);
			path = Resourses;
			sourceTree = "<group>";
		};
		3B0B1F4C2D62C6AC00226F6A /* Supporting Files */ = {
			isa = PBXGroup;
			children = (
				3B0B1F3B2D62C64000226F6A /* ImageCollector.xcdatamodeld */,
			);
			path = "Supporting Files";
			sourceTree = "<group>";
		};
		3B0B1F4D2D62C6B800226F6A /* Dependencies */ = {
			isa = PBXGroup;
			children = (
				3B9A57152D630FE100A0EE8D /* DependencyInjector.swift */,
				3B9A57172D630FF100A0EE8D /* DataAssembly.swift */,
				3B9A57192D630FFB00A0EE8D /* DomainAssembly.swift */,
				3B9A571B2D63100200A0EE8D /* PresentationAssembly.swift */,
			);
			path = Dependencies;
			sourceTree = "<group>";
		};
		3B0B1F4E2D62C6C300226F6A /* Applications */ = {
			isa = PBXGroup;
			children = (
				3B0B1F3C2D62C64000226F6A /* ImageCollectorApp.swift */,
				3B0B1F3A2D62C64000226F6A /* ContentView.swift */,
				3B0B1F3D2D62C64000226F6A /* Persistence.swift */,
			);
			path = Applications;
			sourceTree = "<group>";
		};
		3B0B1F4F2D62C6CF00226F6A /* Utills */ = {
			isa = PBXGroup;
			children = (
			);
			path = Utills;
			sourceTree = "<group>";
		};
		3B0B1F502D62C70D00226F6A /* Presentation Layer */ = {
			isa = PBXGroup;
			children = (
				3B0B1F5E2D62C9A900226F6A /* Detail */,
				3B0B1F5D2D62C9A200226F6A /* List */,
			);
			path = "Presentation Layer";
			sourceTree = "<group>";
		};
		3B0B1F512D62C72000226F6A /* Domain Layer */ = {
			isa = PBXGroup;
			children = (
				3B9A570E2D630A9A00A0EE8D /* UseCases */,
				3B0B1F662D62CB1800226F6A /* Interfaces */,
				3B0B1F632D62CAAA00226F6A /* Entities */,
			);
			path = "Domain Layer";
			sourceTree = "<group>";
		};
		3B0B1F522D62C72600226F6A /* Data Layer */ = {
			isa = PBXGroup;
			children = (
				3B0B1F6D2D62CC0900226F6A /* DataTransfer */,
				3B0B1F6C2D62CBFF00226F6A /* Network */,
				3B0B1F6B2D62CBF900226F6A /* Storage */,
				3B0B1F6E2D62CC0F00226F6A /* Repositories */,
			);
			path = "Data Layer";
			sourceTree = "<group>";
		};
		3B0B1F5D2D62C9A200226F6A /* List */ = {
			isa = PBXGroup;
			children = (
				3B0B1F612D62C9D400226F6A /* Store */,
				3B0B1F5F2D62C9C800226F6A /* Views */,
			);
			path = List;
			sourceTree = "<group>";
		};
		3B0B1F5E2D62C9A900226F6A /* Detail */ = {
			isa = PBXGroup;
			children = (
				3B0B1F622D62C9E100226F6A /* Store */,
				3B0B1F602D62C9D000226F6A /* Views */,
			);
			path = Detail;
			sourceTree = "<group>";
		};
		3B0B1F5F2D62C9C800226F6A /* Views */ = {
			isa = PBXGroup;
			children = (
			);
			path = Views;
			sourceTree = "<group>";
		};
		3B0B1F602D62C9D000226F6A /* Views */ = {
			isa = PBXGroup;
			children = (
			);
			path = Views;
			sourceTree = "<group>";
		};
		3B0B1F612D62C9D400226F6A /* Store */ = {
			isa = PBXGroup;
			children = (
			);
			path = Store;
			sourceTree = "<group>";
		};
		3B0B1F622D62C9E100226F6A /* Store */ = {
			isa = PBXGroup;
			children = (
			);
			path = Store;
			sourceTree = "<group>";
		};
		3B0B1F632D62CAAA00226F6A /* Entities */ = {
			isa = PBXGroup;
			children = (
				3B0B1F692D62CB8D00226F6A /* ServiceError.swift */,
				3B0B1F642D62CAC600226F6A /* ImageInfo.swift */,
			);
			path = Entities;
			sourceTree = "<group>";
		};
		3B0B1F662D62CB1800226F6A /* Interfaces */ = {
			isa = PBXGroup;
			children = (
				3B0B1F672D62CB2000226F6A /* ImageRepository.swift */,
			);
			path = Interfaces;
			sourceTree = "<group>";
		};
		3B0B1F6B2D62CBF900226F6A /* Storage */ = {
			isa = PBXGroup;
			children = (
				3B0B1F922D62D8B100226F6A /* CoreDataConvertible.swift */,
				3B0B1F962D62DAE000226F6A /* CoreDataManager.swift */,
				3B0B1FA52D62FEBE00226F6A /* CoreDataManagerProtocol.swift */,
			);
			path = Storage;
			sourceTree = "<group>";
		};
		3B0B1F6C2D62CBFF00226F6A /* Network */ = {
			isa = PBXGroup;
			children = (
				3B0B1F742D62CD5E00226F6A /* NetworkService.swift */,
				3B0B1F7C2D62CDE500226F6A /* NetworkConfiguration.swift */,
				3B0B1F7E2D62CE7700226F6A /* NetworkLogger.swift */,
				3B0B1F7A2D62CD9400226F6A /* Endpoint.swift */,
				3B0B1F802D62CF3D00226F6A /* APIEndpoints.swift */,
				3B0B1F762D62CD7F00226F6A /* APIError.swift */,
			);
			path = Network;
			sourceTree = "<group>";
		};
		3B0B1F6D2D62CC0900226F6A /* DataTransfer */ = {
			isa = PBXGroup;
			children = (
				3B0B1F822D62CF9300226F6A /* SearchRequest.swift */,
				3B0B1F6F2D62CC3F00226F6A /* ImageDTO.swift */,
				3B0B1F8E2D62D86000226F6A /* ImageEntity.swift */,
			);
			path = DataTransfer;
			sourceTree = "<group>";
		};
		3B0B1F6E2D62CC0F00226F6A /* Repositories */ = {
			isa = PBXGroup;
			children = (
				3B0B1F712D62CC9900226F6A /* ImageRepositoryImpl.swift */,
			);
			path = Repositories;
			sourceTree = "<group>";
		};
		3B0B1F862D62D06D00226F6A /* Tests */ = {
			isa = PBXGroup;
			children = (
				3B0B1F842D62D04300226F6A /* NetworkServiceTests.swift */,
				3B0B1F982D62EA0000226F6A /* CoreDataManagerTests.swift */,
				3B0B1FA02D62FAE900226F6A /* ImageRepositoryTests.swift */,
				3B9A57132D630EF800A0EE8D /* FetchImageListUseCaseTests.swift */,
			);
			path = Tests;
			sourceTree = "<group>";
		};
		3B0B1F872D62D07500226F6A /* Mock */ = {
			isa = PBXGroup;
			children = (
				3B0B1F882D62D07F00226F6A /* MockURLProtocol.swift */,
				3B0B1F8A2D62D2D700226F6A /* MockResponse.swift */,
				3B0B1F9C2D62FA5000226F6A /* MockNetworkService.swift */,
				3B0B1F9E2D62FAAE00226F6A /* MockCoreDataManager.swift */,
				3B9A57112D630EC600A0EE8D /* MockImageRepository.swift */,
			);
			path = Mock;
			sourceTree = "<group>";
		};
		3B9A570E2D630A9A00A0EE8D /* UseCases */ = {
			isa = PBXGroup;
			children = (
				3B9A570F2D630E4E00A0EE8D /* FetchImageListUseCase.swift */,
			);
			path = UseCases;
			sourceTree = "<group>";
		};
/* End PBXGroup section */

/* Begin PBXNativeTarget section */
		3B0B1F012D62C48200226F6A /* ImageCollector */ = {
			isa = PBXNativeTarget;
			buildConfigurationList = 3B0B1F2B2D62C48300226F6A /* Build configuration list for PBXNativeTarget "ImageCollector" */;
			buildPhases = (
				3B0B1EFE2D62C48200226F6A /* Sources */,
				3B0B1EFF2D62C48200226F6A /* Frameworks */,
				3B0B1F002D62C48200226F6A /* Resources */,
			);
			buildRules = (
			);
			dependencies = (
			);
			name = ImageCollector;
			packageProductDependencies = (
				3B0B1F542D62C89100226F6A /* Swinject */,
				3B0B1F572D62C89A00226F6A /* Kingfisher */,
				3B0B1F5A2D62C92F00226F6A /* ComposableArchitecture */,
			);
			productName = ImageCollector;
			productReference = 3B0B1F022D62C48200226F6A /* ImageCollector.app */;
			productType = "com.apple.product-type.application";
		};
		3B0B1F162D62C48300226F6A /* ImageCollectorTests */ = {
			isa = PBXNativeTarget;
			buildConfigurationList = 3B0B1F2E2D62C48300226F6A /* Build configuration list for PBXNativeTarget "ImageCollectorTests" */;
			buildPhases = (
				3B0B1F132D62C48300226F6A /* Sources */,
				3B0B1F142D62C48300226F6A /* Frameworks */,
				3B0B1F152D62C48300226F6A /* Resources */,
			);
			buildRules = (
			);
			dependencies = (
				3B0B1F192D62C48300226F6A /* PBXTargetDependency */,
			);
			name = ImageCollectorTests;
			packageProductDependencies = (
			);
			productName = ImageCollectorTests;
			productReference = 3B0B1F172D62C48300226F6A /* ImageCollectorTests.xctest */;
			productType = "com.apple.product-type.bundle.unit-test";
		};
		3B0B1F202D62C48300226F6A /* ImageCollectorUITests */ = {
			isa = PBXNativeTarget;
			buildConfigurationList = 3B0B1F312D62C48300226F6A /* Build configuration list for PBXNativeTarget "ImageCollectorUITests" */;
			buildPhases = (
				3B0B1F1D2D62C48300226F6A /* Sources */,
				3B0B1F1E2D62C48300226F6A /* Frameworks */,
				3B0B1F1F2D62C48300226F6A /* Resources */,
			);
			buildRules = (
			);
			dependencies = (
				3B0B1F232D62C48300226F6A /* PBXTargetDependency */,
			);
			name = ImageCollectorUITests;
			packageProductDependencies = (
			);
			productName = ImageCollectorUITests;
			productReference = 3B0B1F212D62C48300226F6A /* ImageCollectorUITests.xctest */;
			productType = "com.apple.product-type.bundle.ui-testing";
		};
/* End PBXNativeTarget section */

/* Begin PBXProject section */
		3B0B1EFA2D62C48200226F6A /* Project object */ = {
			isa = PBXProject;
			attributes = {
				BuildIndependentTargetsInParallel = 1;
				LastSwiftUpdateCheck = 1610;
				LastUpgradeCheck = 1610;
				TargetAttributes = {
					3B0B1F012D62C48200226F6A = {
						CreatedOnToolsVersion = 16.1;
					};
					3B0B1F162D62C48300226F6A = {
						CreatedOnToolsVersion = 16.1;
						TestTargetID = 3B0B1F012D62C48200226F6A;
					};
					3B0B1F202D62C48300226F6A = {
						CreatedOnToolsVersion = 16.1;
						TestTargetID = 3B0B1F012D62C48200226F6A;
					};
				};
			};
			buildConfigurationList = 3B0B1EFD2D62C48200226F6A /* Build configuration list for PBXProject "ImageCollector" */;
			developmentRegion = en;
			hasScannedForEncodings = 0;
			knownRegions = (
				en,
				Base,
			);
			mainGroup = 3B0B1EF92D62C48200226F6A;
			minimizedProjectReferenceProxies = 1;
			packageReferences = (
				3B0B1F532D62C89100226F6A /* XCRemoteSwiftPackageReference "Swinject" */,
				3B0B1F562D62C89A00226F6A /* XCRemoteSwiftPackageReference "Kingfisher" */,
				3B0B1F592D62C92F00226F6A /* XCRemoteSwiftPackageReference "swift-composable-architecture" */,
			);
			preferredProjectObjectVersion = 77;
			productRefGroup = 3B0B1F032D62C48200226F6A /* Products */;
			projectDirPath = "";
			projectRoot = "";
			targets = (
				3B0B1F012D62C48200226F6A /* ImageCollector */,
				3B0B1F162D62C48300226F6A /* ImageCollectorTests */,
				3B0B1F202D62C48300226F6A /* ImageCollectorUITests */,
			);
		};
/* End PBXProject section */

/* Begin PBXResourcesBuildPhase section */
		3B0B1F002D62C48200226F6A /* Resources */ = {
			isa = PBXResourcesBuildPhase;
			buildActionMask = 2147483647;
			files = (
				3B0B1F442D62C64000226F6A /* Preview Assets.xcassets in Resources */,
				3B0B1F452D62C64000226F6A /* Assets.xcassets in Resources */,
			);
			runOnlyForDeploymentPostprocessing = 0;
		};
		3B0B1F152D62C48300226F6A /* Resources */ = {
			isa = PBXResourcesBuildPhase;
			buildActionMask = 2147483647;
			files = (
			);
			runOnlyForDeploymentPostprocessing = 0;
		};
		3B0B1F1F2D62C48300226F6A /* Resources */ = {
			isa = PBXResourcesBuildPhase;
			buildActionMask = 2147483647;
			files = (
			);
			runOnlyForDeploymentPostprocessing = 0;
		};
/* End PBXResourcesBuildPhase section */

/* Begin PBXSourcesBuildPhase section */
		3B0B1EFE2D62C48200226F6A /* Sources */ = {
			isa = PBXSourcesBuildPhase;
			buildActionMask = 2147483647;
			files = (
				3B0B1FA62D62FECE00226F6A /* CoreDataManagerProtocol.swift in Sources */,
				3B9A57102D630E5800A0EE8D /* FetchImageListUseCase.swift in Sources */,
				3B0B1F812D62CF4500226F6A /* APIEndpoints.swift in Sources */,
				3B0B1F7F2D62CE8000226F6A /* NetworkLogger.swift in Sources */,
				3B0B1F7D2D62CDE600226F6A /* NetworkConfiguration.swift in Sources */,
				3B0B1F972D62DAE100226F6A /* CoreDataManager.swift in Sources */,
				3B0B1F752D62CD6300226F6A /* NetworkService.swift in Sources */,
				3B9A571A2D630FFC00A0EE8D /* DomainAssembly.swift in Sources */,
				3B0B1F902D62D86000226F6A /* ImageEntity.swift in Sources */,
				3B0B1F932D62D8B200226F6A /* CoreDataConvertible.swift in Sources */,
				3B0B1F722D62CC9C00226F6A /* ImageRepositoryImpl.swift in Sources */,
				3B0B1F402D62C64000226F6A /* ContentView.swift in Sources */,
				3B0B1F682D62CB4200226F6A /* ImageRepository.swift in Sources */,
				3B9A571C2D63100300A0EE8D /* PresentationAssembly.swift in Sources */,
				3B0B1F652D62CACF00226F6A /* ImageInfo.swift in Sources */,
				3B0B1F702D62CC4B00226F6A /* ImageDTO.swift in Sources */,
				3B9A57162D630FE300A0EE8D /* DependencyInjector.swift in Sources */,
				3B9A57182D630FF300A0EE8D /* DataAssembly.swift in Sources */,
				3B0B1F412D62C64000226F6A /* ImageCollector.xcdatamodeld in Sources */,
				3B0B1F422D62C64000226F6A /* ImageCollectorApp.swift in Sources */,
				3B0B1F6A2D62CB9600226F6A /* ServiceError.swift in Sources */,
				3B0B1F432D62C64000226F6A /* Persistence.swift in Sources */,
				3B0B1F832D62CF9400226F6A /* SearchRequest.swift in Sources */,
				3B0B1F7B2D62CD9800226F6A /* Endpoint.swift in Sources */,
				3B0B1F772D62CD8000226F6A /* APIError.swift in Sources */,
			);
			runOnlyForDeploymentPostprocessing = 0;
		};
		3B0B1F132D62C48300226F6A /* Sources */ = {
			isa = PBXSourcesBuildPhase;
			buildActionMask = 2147483647;
			files = (
				3B0B1F8B2D62D2D900226F6A /* MockResponse.swift in Sources */,
				3B0B1F852D62D04500226F6A /* NetworkServiceTests.swift in Sources */,
				3B9A57122D630ECA00A0EE8D /* MockImageRepository.swift in Sources */,
				3B0B1F9D2D62FA6900226F6A /* MockNetworkService.swift in Sources */,
				3B9A57142D630EFB00A0EE8D /* FetchImageListUseCaseTests.swift in Sources */,
				3B0B1FA12D62FAF000226F6A /* ImageRepositoryTests.swift in Sources */,
				3B0B1F992D62EA0300226F6A /* CoreDataManagerTests.swift in Sources */,
				3B0B1F9F2D62FAB200226F6A /* MockCoreDataManager.swift in Sources */,
				3B0B1F892D62D08800226F6A /* MockURLProtocol.swift in Sources */,
			);
			runOnlyForDeploymentPostprocessing = 0;
		};
		3B0B1F1D2D62C48300226F6A /* Sources */ = {
			isa = PBXSourcesBuildPhase;
			buildActionMask = 2147483647;
			files = (
				3B0B1F492D62C64000226F6A /* ImageCollectorUITests.swift in Sources */,
				3B0B1F4A2D62C64000226F6A /* ImageCollectorUITestsLaunchTests.swift in Sources */,
			);
			runOnlyForDeploymentPostprocessing = 0;
		};
/* End PBXSourcesBuildPhase section */

/* Begin PBXTargetDependency section */
		3B0B1F192D62C48300226F6A /* PBXTargetDependency */ = {
			isa = PBXTargetDependency;
			target = 3B0B1F012D62C48200226F6A /* ImageCollector */;
			targetProxy = 3B0B1F182D62C48300226F6A /* PBXContainerItemProxy */;
		};
		3B0B1F232D62C48300226F6A /* PBXTargetDependency */ = {
			isa = PBXTargetDependency;
			target = 3B0B1F012D62C48200226F6A /* ImageCollector */;
			targetProxy = 3B0B1F222D62C48300226F6A /* PBXContainerItemProxy */;
		};
/* End PBXTargetDependency section */

/* Begin XCBuildConfiguration section */
		3B0B1F292D62C48300226F6A /* Debug */ = {
			isa = XCBuildConfiguration;
			buildSettings = {
				ALWAYS_SEARCH_USER_PATHS = NO;
				ASSETCATALOG_COMPILER_GENERATE_SWIFT_ASSET_SYMBOL_EXTENSIONS = YES;
				CLANG_ANALYZER_NONNULL = YES;
				CLANG_ANALYZER_NUMBER_OBJECT_CONVERSION = YES_AGGRESSIVE;
				CLANG_CXX_LANGUAGE_STANDARD = "gnu++20";
				CLANG_ENABLE_MODULES = YES;
				CLANG_ENABLE_OBJC_ARC = YES;
				CLANG_ENABLE_OBJC_WEAK = YES;
				CLANG_WARN_BLOCK_CAPTURE_AUTORELEASING = YES;
				CLANG_WARN_BOOL_CONVERSION = YES;
				CLANG_WARN_COMMA = YES;
				CLANG_WARN_CONSTANT_CONVERSION = YES;
				CLANG_WARN_DEPRECATED_OBJC_IMPLEMENTATIONS = YES;
				CLANG_WARN_DIRECT_OBJC_ISA_USAGE = YES_ERROR;
				CLANG_WARN_DOCUMENTATION_COMMENTS = YES;
				CLANG_WARN_EMPTY_BODY = YES;
				CLANG_WARN_ENUM_CONVERSION = YES;
				CLANG_WARN_INFINITE_RECURSION = YES;
				CLANG_WARN_INT_CONVERSION = YES;
				CLANG_WARN_NON_LITERAL_NULL_CONVERSION = YES;
				CLANG_WARN_OBJC_IMPLICIT_RETAIN_SELF = YES;
				CLANG_WARN_OBJC_LITERAL_CONVERSION = YES;
				CLANG_WARN_OBJC_ROOT_CLASS = YES_ERROR;
				CLANG_WARN_QUOTED_INCLUDE_IN_FRAMEWORK_HEADER = YES;
				CLANG_WARN_RANGE_LOOP_ANALYSIS = YES;
				CLANG_WARN_STRICT_PROTOTYPES = YES;
				CLANG_WARN_SUSPICIOUS_MOVE = YES;
				CLANG_WARN_UNGUARDED_AVAILABILITY = YES_AGGRESSIVE;
				CLANG_WARN_UNREACHABLE_CODE = YES;
				CLANG_WARN__DUPLICATE_METHOD_MATCH = YES;
				COPY_PHASE_STRIP = NO;
				DEBUG_INFORMATION_FORMAT = dwarf;
				ENABLE_STRICT_OBJC_MSGSEND = YES;
				ENABLE_TESTABILITY = YES;
				ENABLE_USER_SCRIPT_SANDBOXING = YES;
				GCC_C_LANGUAGE_STANDARD = gnu17;
				GCC_DYNAMIC_NO_PIC = NO;
				GCC_NO_COMMON_BLOCKS = YES;
				GCC_OPTIMIZATION_LEVEL = 0;
				GCC_PREPROCESSOR_DEFINITIONS = (
					"DEBUG=1",
					"$(inherited)",
				);
				GCC_WARN_64_TO_32_BIT_CONVERSION = YES;
				GCC_WARN_ABOUT_RETURN_TYPE = YES_ERROR;
				GCC_WARN_UNDECLARED_SELECTOR = YES;
				GCC_WARN_UNINITIALIZED_AUTOS = YES_AGGRESSIVE;
				GCC_WARN_UNUSED_FUNCTION = YES;
				GCC_WARN_UNUSED_VARIABLE = YES;
				IPHONEOS_DEPLOYMENT_TARGET = 18.1;
				LOCALIZATION_PREFERS_STRING_CATALOGS = YES;
				MTL_ENABLE_DEBUG_INFO = INCLUDE_SOURCE;
				MTL_FAST_MATH = YES;
				ONLY_ACTIVE_ARCH = YES;
				SDKROOT = iphoneos;
				SWIFT_ACTIVE_COMPILATION_CONDITIONS = "DEBUG $(inherited)";
				SWIFT_OPTIMIZATION_LEVEL = "-Onone";
			};
			name = Debug;
		};
		3B0B1F2A2D62C48300226F6A /* Release */ = {
			isa = XCBuildConfiguration;
			buildSettings = {
				ALWAYS_SEARCH_USER_PATHS = NO;
				ASSETCATALOG_COMPILER_GENERATE_SWIFT_ASSET_SYMBOL_EXTENSIONS = YES;
				CLANG_ANALYZER_NONNULL = YES;
				CLANG_ANALYZER_NUMBER_OBJECT_CONVERSION = YES_AGGRESSIVE;
				CLANG_CXX_LANGUAGE_STANDARD = "gnu++20";
				CLANG_ENABLE_MODULES = YES;
				CLANG_ENABLE_OBJC_ARC = YES;
				CLANG_ENABLE_OBJC_WEAK = YES;
				CLANG_WARN_BLOCK_CAPTURE_AUTORELEASING = YES;
				CLANG_WARN_BOOL_CONVERSION = YES;
				CLANG_WARN_COMMA = YES;
				CLANG_WARN_CONSTANT_CONVERSION = YES;
				CLANG_WARN_DEPRECATED_OBJC_IMPLEMENTATIONS = YES;
				CLANG_WARN_DIRECT_OBJC_ISA_USAGE = YES_ERROR;
				CLANG_WARN_DOCUMENTATION_COMMENTS = YES;
				CLANG_WARN_EMPTY_BODY = YES;
				CLANG_WARN_ENUM_CONVERSION = YES;
				CLANG_WARN_INFINITE_RECURSION = YES;
				CLANG_WARN_INT_CONVERSION = YES;
				CLANG_WARN_NON_LITERAL_NULL_CONVERSION = YES;
				CLANG_WARN_OBJC_IMPLICIT_RETAIN_SELF = YES;
				CLANG_WARN_OBJC_LITERAL_CONVERSION = YES;
				CLANG_WARN_OBJC_ROOT_CLASS = YES_ERROR;
				CLANG_WARN_QUOTED_INCLUDE_IN_FRAMEWORK_HEADER = YES;
				CLANG_WARN_RANGE_LOOP_ANALYSIS = YES;
				CLANG_WARN_STRICT_PROTOTYPES = YES;
				CLANG_WARN_SUSPICIOUS_MOVE = YES;
				CLANG_WARN_UNGUARDED_AVAILABILITY = YES_AGGRESSIVE;
				CLANG_WARN_UNREACHABLE_CODE = YES;
				CLANG_WARN__DUPLICATE_METHOD_MATCH = YES;
				COPY_PHASE_STRIP = NO;
				DEBUG_INFORMATION_FORMAT = "dwarf-with-dsym";
				ENABLE_NS_ASSERTIONS = NO;
				ENABLE_STRICT_OBJC_MSGSEND = YES;
				ENABLE_USER_SCRIPT_SANDBOXING = YES;
				GCC_C_LANGUAGE_STANDARD = gnu17;
				GCC_NO_COMMON_BLOCKS = YES;
				GCC_WARN_64_TO_32_BIT_CONVERSION = YES;
				GCC_WARN_ABOUT_RETURN_TYPE = YES_ERROR;
				GCC_WARN_UNDECLARED_SELECTOR = YES;
				GCC_WARN_UNINITIALIZED_AUTOS = YES_AGGRESSIVE;
				GCC_WARN_UNUSED_FUNCTION = YES;
				GCC_WARN_UNUSED_VARIABLE = YES;
				IPHONEOS_DEPLOYMENT_TARGET = 18.1;
				LOCALIZATION_PREFERS_STRING_CATALOGS = YES;
				MTL_ENABLE_DEBUG_INFO = NO;
				MTL_FAST_MATH = YES;
				SDKROOT = iphoneos;
				SWIFT_COMPILATION_MODE = wholemodule;
				VALIDATE_PRODUCT = YES;
			};
			name = Release;
		};
		3B0B1F2C2D62C48300226F6A /* Debug */ = {
			isa = XCBuildConfiguration;
			buildSettings = {
				ASSETCATALOG_COMPILER_APPICON_NAME = AppIcon;
				ASSETCATALOG_COMPILER_GLOBAL_ACCENT_COLOR_NAME = AccentColor;
				CODE_SIGN_STYLE = Automatic;
				CURRENT_PROJECT_VERSION = 1;
				DEVELOPMENT_ASSET_PATHS = "\"ImageCollector/Preview Content\"";
				DEVELOPMENT_TEAM = 7ZGFAWH8RN;
				ENABLE_PREVIEWS = YES;
				GENERATE_INFOPLIST_FILE = YES;
				INFOPLIST_KEY_UIApplicationSceneManifest_Generation = YES;
				INFOPLIST_KEY_UIApplicationSupportsIndirectInputEvents = YES;
				INFOPLIST_KEY_UILaunchScreen_Generation = YES;
				INFOPLIST_KEY_UISupportedInterfaceOrientations_iPad = "UIInterfaceOrientationPortrait UIInterfaceOrientationPortraitUpsideDown UIInterfaceOrientationLandscapeLeft UIInterfaceOrientationLandscapeRight";
				INFOPLIST_KEY_UISupportedInterfaceOrientations_iPhone = "UIInterfaceOrientationPortrait UIInterfaceOrientationLandscapeLeft UIInterfaceOrientationLandscapeRight";
				LD_RUNPATH_SEARCH_PATHS = (
					"$(inherited)",
					"@executable_path/Frameworks",
				);
				MARKETING_VERSION = 1.0;
				PRODUCT_BUNDLE_IDENTIFIER = com.jellabean.ImageCollector;
				PRODUCT_NAME = "$(TARGET_NAME)";
				SWIFT_EMIT_LOC_STRINGS = YES;
				SWIFT_VERSION = 5.0;
				TARGETED_DEVICE_FAMILY = "1,2";
			};
			name = Debug;
		};
		3B0B1F2D2D62C48300226F6A /* Release */ = {
			isa = XCBuildConfiguration;
			buildSettings = {
				ASSETCATALOG_COMPILER_APPICON_NAME = AppIcon;
				ASSETCATALOG_COMPILER_GLOBAL_ACCENT_COLOR_NAME = AccentColor;
				CODE_SIGN_STYLE = Automatic;
				CURRENT_PROJECT_VERSION = 1;
				DEVELOPMENT_ASSET_PATHS = "\"ImageCollector/Preview Content\"";
				DEVELOPMENT_TEAM = 7ZGFAWH8RN;
				ENABLE_PREVIEWS = YES;
				GENERATE_INFOPLIST_FILE = YES;
				INFOPLIST_KEY_UIApplicationSceneManifest_Generation = YES;
				INFOPLIST_KEY_UIApplicationSupportsIndirectInputEvents = YES;
				INFOPLIST_KEY_UILaunchScreen_Generation = YES;
				INFOPLIST_KEY_UISupportedInterfaceOrientations_iPad = "UIInterfaceOrientationPortrait UIInterfaceOrientationPortraitUpsideDown UIInterfaceOrientationLandscapeLeft UIInterfaceOrientationLandscapeRight";
				INFOPLIST_KEY_UISupportedInterfaceOrientations_iPhone = "UIInterfaceOrientationPortrait UIInterfaceOrientationLandscapeLeft UIInterfaceOrientationLandscapeRight";
				LD_RUNPATH_SEARCH_PATHS = (
					"$(inherited)",
					"@executable_path/Frameworks",
				);
				MARKETING_VERSION = 1.0;
				PRODUCT_BUNDLE_IDENTIFIER = com.jellabean.ImageCollector;
				PRODUCT_NAME = "$(TARGET_NAME)";
				SWIFT_EMIT_LOC_STRINGS = YES;
				SWIFT_VERSION = 5.0;
				TARGETED_DEVICE_FAMILY = "1,2";
			};
			name = Release;
		};
		3B0B1F2F2D62C48300226F6A /* Debug */ = {
			isa = XCBuildConfiguration;
			buildSettings = {
				BUNDLE_LOADER = "$(TEST_HOST)";
				CODE_SIGN_STYLE = Automatic;
				CURRENT_PROJECT_VERSION = 1;
				DEVELOPMENT_TEAM = 7ZGFAWH8RN;
				GENERATE_INFOPLIST_FILE = YES;
				IPHONEOS_DEPLOYMENT_TARGET = 18.1;
				MARKETING_VERSION = 1.0;
				PRODUCT_BUNDLE_IDENTIFIER = com.jellabean.ImageCollectorTests;
				PRODUCT_NAME = "$(TARGET_NAME)";
				SWIFT_EMIT_LOC_STRINGS = NO;
				SWIFT_VERSION = 5.0;
				TARGETED_DEVICE_FAMILY = "1,2";
				TEST_HOST = "$(BUILT_PRODUCTS_DIR)/ImageCollector.app/$(BUNDLE_EXECUTABLE_FOLDER_PATH)/ImageCollector";
			};
			name = Debug;
		};
		3B0B1F302D62C48300226F6A /* Release */ = {
			isa = XCBuildConfiguration;
			buildSettings = {
				BUNDLE_LOADER = "$(TEST_HOST)";
				CODE_SIGN_STYLE = Automatic;
				CURRENT_PROJECT_VERSION = 1;
				DEVELOPMENT_TEAM = 7ZGFAWH8RN;
				GENERATE_INFOPLIST_FILE = YES;
				IPHONEOS_DEPLOYMENT_TARGET = 18.1;
				MARKETING_VERSION = 1.0;
				PRODUCT_BUNDLE_IDENTIFIER = com.jellabean.ImageCollectorTests;
				PRODUCT_NAME = "$(TARGET_NAME)";
				SWIFT_EMIT_LOC_STRINGS = NO;
				SWIFT_VERSION = 5.0;
				TARGETED_DEVICE_FAMILY = "1,2";
				TEST_HOST = "$(BUILT_PRODUCTS_DIR)/ImageCollector.app/$(BUNDLE_EXECUTABLE_FOLDER_PATH)/ImageCollector";
			};
			name = Release;
		};
		3B0B1F322D62C48300226F6A /* Debug */ = {
			isa = XCBuildConfiguration;
			buildSettings = {
				CODE_SIGN_STYLE = Automatic;
				CURRENT_PROJECT_VERSION = 1;
				DEVELOPMENT_TEAM = 7ZGFAWH8RN;
				GENERATE_INFOPLIST_FILE = YES;
				MARKETING_VERSION = 1.0;
				PRODUCT_BUNDLE_IDENTIFIER = com.jellabean.ImageCollectorUITests;
				PRODUCT_NAME = "$(TARGET_NAME)";
				SWIFT_EMIT_LOC_STRINGS = NO;
				SWIFT_VERSION = 5.0;
				TARGETED_DEVICE_FAMILY = "1,2";
				TEST_TARGET_NAME = ImageCollector;
			};
			name = Debug;
		};
		3B0B1F332D62C48300226F6A /* Release */ = {
			isa = XCBuildConfiguration;
			buildSettings = {
				CODE_SIGN_STYLE = Automatic;
				CURRENT_PROJECT_VERSION = 1;
				DEVELOPMENT_TEAM = 7ZGFAWH8RN;
				GENERATE_INFOPLIST_FILE = YES;
				MARKETING_VERSION = 1.0;
				PRODUCT_BUNDLE_IDENTIFIER = com.jellabean.ImageCollectorUITests;
				PRODUCT_NAME = "$(TARGET_NAME)";
				SWIFT_EMIT_LOC_STRINGS = NO;
				SWIFT_VERSION = 5.0;
				TARGETED_DEVICE_FAMILY = "1,2";
				TEST_TARGET_NAME = ImageCollector;
			};
			name = Release;
		};
/* End XCBuildConfiguration section */

/* Begin XCConfigurationList section */
		3B0B1EFD2D62C48200226F6A /* Build configuration list for PBXProject "ImageCollector" */ = {
			isa = XCConfigurationList;
			buildConfigurations = (
				3B0B1F292D62C48300226F6A /* Debug */,
				3B0B1F2A2D62C48300226F6A /* Release */,
			);
			defaultConfigurationIsVisible = 0;
			defaultConfigurationName = Release;
		};
		3B0B1F2B2D62C48300226F6A /* Build configuration list for PBXNativeTarget "ImageCollector" */ = {
			isa = XCConfigurationList;
			buildConfigurations = (
				3B0B1F2C2D62C48300226F6A /* Debug */,
				3B0B1F2D2D62C48300226F6A /* Release */,
			);
			defaultConfigurationIsVisible = 0;
			defaultConfigurationName = Release;
		};
		3B0B1F2E2D62C48300226F6A /* Build configuration list for PBXNativeTarget "ImageCollectorTests" */ = {
			isa = XCConfigurationList;
			buildConfigurations = (
				3B0B1F2F2D62C48300226F6A /* Debug */,
				3B0B1F302D62C48300226F6A /* Release */,
			);
			defaultConfigurationIsVisible = 0;
			defaultConfigurationName = Release;
		};
		3B0B1F312D62C48300226F6A /* Build configuration list for PBXNativeTarget "ImageCollectorUITests" */ = {
			isa = XCConfigurationList;
			buildConfigurations = (
				3B0B1F322D62C48300226F6A /* Debug */,
				3B0B1F332D62C48300226F6A /* Release */,
			);
			defaultConfigurationIsVisible = 0;
			defaultConfigurationName = Release;
		};
/* End XCConfigurationList section */

/* Begin XCRemoteSwiftPackageReference section */
		3B0B1F532D62C89100226F6A /* XCRemoteSwiftPackageReference "Swinject" */ = {
			isa = XCRemoteSwiftPackageReference;
			repositoryURL = "https://github.com/Swinject/Swinject.git";
			requirement = {
				kind = upToNextMajorVersion;
				minimumVersion = 2.9.1;
			};
		};
		3B0B1F562D62C89A00226F6A /* XCRemoteSwiftPackageReference "Kingfisher" */ = {
			isa = XCRemoteSwiftPackageReference;
			repositoryURL = "https://github.com/onevcat/Kingfisher.git";
			requirement = {
				kind = upToNextMajorVersion;
				minimumVersion = 8.2.0;
			};
		};
		3B0B1F592D62C92F00226F6A /* XCRemoteSwiftPackageReference "swift-composable-architecture" */ = {
			isa = XCRemoteSwiftPackageReference;
			repositoryURL = "https://github.com/pointfreeco/swift-composable-architecture.git";
			requirement = {
				kind = upToNextMajorVersion;
				minimumVersion = 1.17.1;
			};
		};
/* End XCRemoteSwiftPackageReference section */

/* Begin XCSwiftPackageProductDependency section */
		3B0B1F542D62C89100226F6A /* Swinject */ = {
			isa = XCSwiftPackageProductDependency;
			package = 3B0B1F532D62C89100226F6A /* XCRemoteSwiftPackageReference "Swinject" */;
			productName = Swinject;
		};
		3B0B1F572D62C89A00226F6A /* Kingfisher */ = {
			isa = XCSwiftPackageProductDependency;
			package = 3B0B1F562D62C89A00226F6A /* XCRemoteSwiftPackageReference "Kingfisher" */;
			productName = Kingfisher;
		};
		3B0B1F5A2D62C92F00226F6A /* ComposableArchitecture */ = {
			isa = XCSwiftPackageProductDependency;
			package = 3B0B1F592D62C92F00226F6A /* XCRemoteSwiftPackageReference "swift-composable-architecture" */;
			productName = ComposableArchitecture;
		};
/* End XCSwiftPackageProductDependency section */

/* Begin XCVersionGroup section */
		3B0B1F3B2D62C64000226F6A /* ImageCollector.xcdatamodeld */ = {
			isa = XCVersionGroup;
			children = (
				3B0B1F3F2D62C64000226F6A /* ImageCollector.xcdatamodel */,
			);
			currentVersion = 3B0B1F3F2D62C64000226F6A /* ImageCollector.xcdatamodel */;
			path = ImageCollector.xcdatamodeld;
			sourceTree = "<group>";
			versionGroupType = wrapper.xcdatamodel;
		};
/* End XCVersionGroup section */
	};
	rootObject = 3B0B1EFA2D62C48200226F6A /* Project object */;
}
